# This file is generated by running "yarn install" inside your project.
# Manual changes might be lost - proceed with caution!

__metadata:
  version: 4

"path-parse@npm:^1.0.6":
  version: 1.0.6
  resolution: "path-parse@npm:1.0.6"
  checksum: 02894a9a2dd29ba61ce0f79c0cbb230869d16e3129eea46ee1195d6bed370806f254a51f494ad51d5bab4e494ea0a9040819923bec3be586b1f9004a70c65a3a
  languageName: node
  linkType: hard

resolve@^1.15.0:
  version: 1.15.0
  resolution: "resolve@npm:1.15.0"
  dependencies:
    path-parse: ^1.0.6
  checksum: 473908ea6663af397ce8e8f8396b696b2f44a96438701550f778e498b19ca8d8a3ec50dfed1cb5e67a40d8dd225275258e431691c800726f90ced256dcca11ca
  languageName: node
  linkType: hard

"resolve@patch:resolve@^1.15.0#builtin<compat/resolve>":
  version: 1.15.0
  resolution: "resolve@patch:resolve@npm%3A1.15.0#builtin<compat/resolve>::version=1.15.0&hash=8fccd0"
  dependencies:
    path-parse: ^1.0.6
  checksum: 800cafa46c31f68ac9c5b2e86352b175d41c14ca7b062c961fadf65e9c03b582f43babc6945c6a1dbb920b97fb4c9a80f9073416e2f8e77c073f85e76b675e50
  languageName: node
  linkType: hard

"yarn-berry-resolve@workspace:.":
  version: 0.0.0-use.local
  resolution: "yarn-berry-resolve@workspace:."
  dependencies:
    resolve: ^1.15.0
  languageName: unknown
  linkType: soft
